
Microsoft Visual Studio Solution File, Format Version 12.00
# Visual Studio Version 17
VisualStudioVersion = 17.6.33829.357
MinimumVisualStudioVersion = 10.0.40219.1
Project("{2150E333-8FDC-42A3-9474-1A3956D46DE8}") = "Services", "Services", "{64FCAA29-BF1C-49B3-87B7-0EFFB5130360}"
EndProject
Project("{2150E333-8FDC-42A3-9474-1A3956D46DE8}") = "BuildingBlocks", "BuildingBlocks", "{A2055739-F798-479C-8784-B7397DF92D8D}"
EndProject
Project("{2150E333-8FDC-42A3-9474-1A3956D46DE8}") = "ApiGateways", "ApiGateways", "{9BD41BA2-C1D8-44A0-B46D-52EE70070CE3}"
EndProject
Project("{2150E333-8FDC-42A3-9474-1A3956D46DE8}") = "OnlineShop", "OnlineShop", "{5DDC1C8B-5FAB-4ED4-9C4A-846DC26AF37B}"
EndProject
Project("{2150E333-8FDC-42A3-9474-1A3956D46DE8}") = "Fuel", "Fuel", "{63552666-AD4B-4C70-A42C-7026ECFF8214}"
EndProject
Project("{2150E333-8FDC-42A3-9474-1A3956D46DE8}") = "Sales", "Sales", "{AE6F46CE-6378-4E05-9397-2A98B4965E38}"
EndProject
Project("{2150E333-8FDC-42A3-9474-1A3956D46DE8}") = "Pricelists", "Pricelists", "{FC9B1CD5-BB53-40C2-AA6C-BBD5EE38CA59}"
EndProject
Project("{2150E333-8FDC-42A3-9474-1A3956D46DE8}") = "Fleet", "Fleet", "{36F1AA7E-48EC-4ED6-A846-13B7481E5C76}"
EndProject
Project("{2150E333-8FDC-42A3-9474-1A3956D46DE8}") = "Shops", "Shops", "{EC5870EC-4E19-451B-8036-CF95F8CC0336}"
EndProject
Project("{2150E333-8FDC-42A3-9474-1A3956D46DE8}") = "Butchery", "Butchery", "{056BD403-3A9A-45BC-943F-A41B5F2C8B06}"
EndProject
Project("{2150E333-8FDC-42A3-9474-1A3956D46DE8}") = "WebUI", "WebUI", "{070351C1-5611-467D-90D3-C6BDAC12B64A}"
EndProject
Project("{2150E333-8FDC-42A3-9474-1A3956D46DE8}") = "IdentityServer", "IdentityServer", "{6F816269-DD7A-476F-9B02-BE00FA5B3248}"
EndProject
Project("{2150E333-8FDC-42A3-9474-1A3956D46DE8}") = "Contractors", "Contractors", "{CEB6A116-3947-4C0B-9573-54D5DED8EF9F}"
EndProject
Project("{2150E333-8FDC-42A3-9474-1A3956D46DE8}") = "Calculators", "Calculators", "{12901329-7C40-4D21-A787-2EDFE858AABD}"
EndProject
Project("{2150E333-8FDC-42A3-9474-1A3956D46DE8}") = "Satistics", "Satistics", "{23A672FA-E452-4010-BF64-8DEB7611131A}"
EndProject
Project("{9A19103F-16F7-4668-BE54-9A1E7A4F7556}") = "OnlineShop.Catalog.API", "Services\OnlineShop\OnlineShop.Catalog.API\OnlineShop.Catalog.API.csproj", "{1F76A1F5-AB0E-45CB-878D-66DA61A5DCD0}"
EndProject
Project("{9A19103F-16F7-4668-BE54-9A1E7A4F7556}") = "OnlineShop.ShoppingCart.API", "Services\OnlineShop\OnlineShop.ShoppingCart.API\OnlineShop.ShoppingCart.API.csproj", "{83EFA652-2A28-4029-834B-B0724AB03CA0}"
EndProject
Project("{E53339B2-1760-4266-BCC7-CA923CBCF16C}") = "docker-compose", "docker-compose.dcproj", "{64B8E5A7-C947-414F-945E-4BF75FE3A97A}"
EndProject
Project("{2150E333-8FDC-42A3-9474-1A3956D46DE8}") = "Order", "Order", "{2CCE495B-6391-4FF5-8DEF-6138F1336EAC}"
EndProject
Project("{9A19103F-16F7-4668-BE54-9A1E7A4F7556}") = "OnlineShop.Order.API", "Services\OnlineShop\Order\OnlineShop.Order.API\OnlineShop.Order.API.csproj", "{63D9106C-806A-47D0-9D57-78EF64197D69}"
EndProject
Project("{9A19103F-16F7-4668-BE54-9A1E7A4F7556}") = "OnlineShop.Order.Application", "Services\OnlineShop\Order\OnlineShop.Order.Application\OnlineShop.Order.Application.csproj", "{837D606E-45CB-4827-AA08-E8973E62C393}"
EndProject
Project("{9A19103F-16F7-4668-BE54-9A1E7A4F7556}") = "OnlineShop.Order.Domain", "Services\OnlineShop\Order\OnlineShop.Order.Domain\OnlineShop.Order.Domain.csproj", "{C073DD39-2F64-482E-B628-162348FC72E8}"
EndProject
Project("{9A19103F-16F7-4668-BE54-9A1E7A4F7556}") = "OnlineShop.Order.Infrastructure", "Services\OnlineShop\Order\OnlineShop.Order.Infrastructure\OnlineShop.Order.Infrastructure.csproj", "{D0022E01-33F8-4FCD-B7F3-7C473BB99A25}"
EndProject
Project("{FAE04EC0-301F-11D3-BF4B-00C04F79EFBC}") = "EventBus.Messages", "BuildingBlocks\EventBus.Messages\EventBus.Messages.csproj", "{91FF6838-5B1F-4283-B5E7-A280C122A894}"
EndProject
Global
	GlobalSection(SolutionConfigurationPlatforms) = preSolution
		Debug|Any CPU = Debug|Any CPU
		Release|Any CPU = Release|Any CPU
	EndGlobalSection
	GlobalSection(ProjectConfigurationPlatforms) = postSolution
		{1F76A1F5-AB0E-45CB-878D-66DA61A5DCD0}.Debug|Any CPU.ActiveCfg = Debug|Any CPU
		{1F76A1F5-AB0E-45CB-878D-66DA61A5DCD0}.Debug|Any CPU.Build.0 = Debug|Any CPU
		{1F76A1F5-AB0E-45CB-878D-66DA61A5DCD0}.Release|Any CPU.ActiveCfg = Release|Any CPU
		{1F76A1F5-AB0E-45CB-878D-66DA61A5DCD0}.Release|Any CPU.Build.0 = Release|Any CPU
		{83EFA652-2A28-4029-834B-B0724AB03CA0}.Debug|Any CPU.ActiveCfg = Debug|Any CPU
		{83EFA652-2A28-4029-834B-B0724AB03CA0}.Debug|Any CPU.Build.0 = Debug|Any CPU
		{83EFA652-2A28-4029-834B-B0724AB03CA0}.Release|Any CPU.ActiveCfg = Release|Any CPU
		{83EFA652-2A28-4029-834B-B0724AB03CA0}.Release|Any CPU.Build.0 = Release|Any CPU
		{64B8E5A7-C947-414F-945E-4BF75FE3A97A}.Debug|Any CPU.ActiveCfg = Debug|Any CPU
		{64B8E5A7-C947-414F-945E-4BF75FE3A97A}.Debug|Any CPU.Build.0 = Debug|Any CPU
		{64B8E5A7-C947-414F-945E-4BF75FE3A97A}.Release|Any CPU.ActiveCfg = Release|Any CPU
		{64B8E5A7-C947-414F-945E-4BF75FE3A97A}.Release|Any CPU.Build.0 = Release|Any CPU
		{63D9106C-806A-47D0-9D57-78EF64197D69}.Debug|Any CPU.ActiveCfg = Debug|Any CPU
		{63D9106C-806A-47D0-9D57-78EF64197D69}.Debug|Any CPU.Build.0 = Debug|Any CPU
		{63D9106C-806A-47D0-9D57-78EF64197D69}.Release|Any CPU.ActiveCfg = Release|Any CPU
		{63D9106C-806A-47D0-9D57-78EF64197D69}.Release|Any CPU.Build.0 = Release|Any CPU
		{837D606E-45CB-4827-AA08-E8973E62C393}.Debug|Any CPU.ActiveCfg = Debug|Any CPU
		{837D606E-45CB-4827-AA08-E8973E62C393}.Debug|Any CPU.Build.0 = Debug|Any CPU
		{837D606E-45CB-4827-AA08-E8973E62C393}.Release|Any CPU.ActiveCfg = Release|Any CPU
		{837D606E-45CB-4827-AA08-E8973E62C393}.Release|Any CPU.Build.0 = Release|Any CPU
		{C073DD39-2F64-482E-B628-162348FC72E8}.Debug|Any CPU.ActiveCfg = Debug|Any CPU
		{C073DD39-2F64-482E-B628-162348FC72E8}.Debug|Any CPU.Build.0 = Debug|Any CPU
		{C073DD39-2F64-482E-B628-162348FC72E8}.Release|Any CPU.ActiveCfg = Release|Any CPU
		{C073DD39-2F64-482E-B628-162348FC72E8}.Release|Any CPU.Build.0 = Release|Any CPU
		{D0022E01-33F8-4FCD-B7F3-7C473BB99A25}.Debug|Any CPU.ActiveCfg = Debug|Any CPU
		{D0022E01-33F8-4FCD-B7F3-7C473BB99A25}.Debug|Any CPU.Build.0 = Debug|Any CPU
		{D0022E01-33F8-4FCD-B7F3-7C473BB99A25}.Release|Any CPU.ActiveCfg = Release|Any CPU
		{D0022E01-33F8-4FCD-B7F3-7C473BB99A25}.Release|Any CPU.Build.0 = Release|Any CPU
		{91FF6838-5B1F-4283-B5E7-A280C122A894}.Debug|Any CPU.ActiveCfg = Debug|Any CPU
		{91FF6838-5B1F-4283-B5E7-A280C122A894}.Debug|Any CPU.Build.0 = Debug|Any CPU
		{91FF6838-5B1F-4283-B5E7-A280C122A894}.Release|Any CPU.ActiveCfg = Release|Any CPU
		{91FF6838-5B1F-4283-B5E7-A280C122A894}.Release|Any CPU.Build.0 = Release|Any CPU
	EndGlobalSection
	GlobalSection(SolutionProperties) = preSolution
		HideSolutionNode = FALSE
	EndGlobalSection
	GlobalSection(NestedProjects) = preSolution
		{5DDC1C8B-5FAB-4ED4-9C4A-846DC26AF37B} = {64FCAA29-BF1C-49B3-87B7-0EFFB5130360}
		{63552666-AD4B-4C70-A42C-7026ECFF8214} = {64FCAA29-BF1C-49B3-87B7-0EFFB5130360}
		{AE6F46CE-6378-4E05-9397-2A98B4965E38} = {64FCAA29-BF1C-49B3-87B7-0EFFB5130360}
		{FC9B1CD5-BB53-40C2-AA6C-BBD5EE38CA59} = {64FCAA29-BF1C-49B3-87B7-0EFFB5130360}
		{36F1AA7E-48EC-4ED6-A846-13B7481E5C76} = {64FCAA29-BF1C-49B3-87B7-0EFFB5130360}
		{EC5870EC-4E19-451B-8036-CF95F8CC0336} = {64FCAA29-BF1C-49B3-87B7-0EFFB5130360}
		{056BD403-3A9A-45BC-943F-A41B5F2C8B06} = {64FCAA29-BF1C-49B3-87B7-0EFFB5130360}
		{070351C1-5611-467D-90D3-C6BDAC12B64A} = {64FCAA29-BF1C-49B3-87B7-0EFFB5130360}
		{CEB6A116-3947-4C0B-9573-54D5DED8EF9F} = {64FCAA29-BF1C-49B3-87B7-0EFFB5130360}
		{12901329-7C40-4D21-A787-2EDFE858AABD} = {64FCAA29-BF1C-49B3-87B7-0EFFB5130360}
		{23A672FA-E452-4010-BF64-8DEB7611131A} = {64FCAA29-BF1C-49B3-87B7-0EFFB5130360}
		{1F76A1F5-AB0E-45CB-878D-66DA61A5DCD0} = {5DDC1C8B-5FAB-4ED4-9C4A-846DC26AF37B}
		{83EFA652-2A28-4029-834B-B0724AB03CA0} = {5DDC1C8B-5FAB-4ED4-9C4A-846DC26AF37B}
		{2CCE495B-6391-4FF5-8DEF-6138F1336EAC} = {5DDC1C8B-5FAB-4ED4-9C4A-846DC26AF37B}
		{63D9106C-806A-47D0-9D57-78EF64197D69} = {2CCE495B-6391-4FF5-8DEF-6138F1336EAC}
		{837D606E-45CB-4827-AA08-E8973E62C393} = {2CCE495B-6391-4FF5-8DEF-6138F1336EAC}
		{C073DD39-2F64-482E-B628-162348FC72E8} = {2CCE495B-6391-4FF5-8DEF-6138F1336EAC}
		{D0022E01-33F8-4FCD-B7F3-7C473BB99A25} = {2CCE495B-6391-4FF5-8DEF-6138F1336EAC}
		{91FF6838-5B1F-4283-B5E7-A280C122A894} = {A2055739-F798-479C-8784-B7397DF92D8D}
	EndGlobalSection
	GlobalSection(ExtensibilityGlobals) = postSolution
		SolutionGuid = {23EBFCAC-E8DC-4B92-BCAC-E5FA2B1CD3B2}
	EndGlobalSection
EndGlobal
